
Microsoft Visual Studio Solution File, Format Version 12.00
# Visual Studio Version 17
VisualStudioVersion = 17.2.32630.192
MinimumVisualStudioVersion = 10.0.40219.1
Project("{9A19103F-16F7-4668-BE54-9A1E7A4F7556}") = "MyContactBookWithOrders", "MyContactBookWithOrders\MyContactBookWithOrders.csproj", "{28275E9C-898F-43D1-841D-2EB266534AA6}"
EndProject
Global
	GlobalSection(SolutionConfigurationPlatforms) = preSolution
		Debug|Any CPU = Debug|Any CPU
		Release|Any CPU = Release|Any CPU
	EndGlobalSection
	GlobalSection(ProjectConfigurationPlatforms) = postSolution
		{28275E9C-898F-43D1-841D-2EB266534AA6}.Debug|Any CPU.ActiveCfg = Debug|Any CPU
		{28275E9C-898F-43D1-841D-2EB266534AA6}.Debug|Any CPU.Build.0 = Debug|Any CPU
		{28275E9C-898F-43D1-841D-2EB266534AA6}.Release|Any CPU.ActiveCfg = Release|Any CPU
		{28275E9C-898F-43D1-841D-2EB266534AA6}.Release|Any CPU.Build.0 = Release|Any CPU
	EndGlobalSection
	GlobalSection(SolutionProperties) = preSolution
		HideSolutionNode = FALSE
	EndGlobalSection
	GlobalSection(ExtensibilityGlobals) = postSolution
		SolutionGuid = {C77E8877-93F9-425D-8106-C49F8C81E901}
	EndGlobalSection
EndGlobal
